github.com/go-gl/gl v0.0.0-20211210172815-726fda9656d6 h1:zDw5v7qm4yH7N8C8uWd+8Ii9rROdgWxQuGoJ9WDXxfk=
github.com/go-gl/gl v0.0.0-20211210172815-726fda9656d6/go.mod h1:9YTyiznxEY1fVinfM7RvRcjRHbw2xLBJ3AAGIT0I4Nw=
github.com/go-gl/glfw v0.0.0-20220320163800-277f93cfa958 h1:aQjQrLKagKRNl/GGy16WNwsiYAVs2Kfwvg5pq07O7Ns=
github.com/go-gl/glfw v0.0.0-20220320163800-277f93cfa958/go.mod h1:vR7hzQXu2zJy9AVAgeJqvqgH9Q5CA+iKCZ2gyEVpxRU=
github.com/veandco/go-sdl2 v0.4.19 h1:ETY+148hm1XdCxy117mjiU+K9iZIySOuNEqgTAKN/Yk=
github.com/veandco/go-sdl2 v0.4.19/go.mod h1:OROqMhHD43nT4/i9crJukyVecjPNYYuCofep6SNiAjY=
github.com/xlab/android-go v0.0.0-20180723170811-ebf4d6dd1830 h1:t4JWwVd06FAAZiTLSIGzNtOQYXkX90Y3bXWwAXvjepk=
github.com/xlab/android-go v0.0.0-20180723170811-ebf4d6dd1830/go.mod h1:cX5Ob29gFddv5hlAJN3tmNcvHuNQwUXzIP06azWW1M8=
github.com/xlab/closer v0.0.0-20190328110542-03326addb7c2 h1:LPYwXwwHigHHFX3SFa9W9zBIa5reyaLJos2e95eHh68=
github.com/xlab/closer v0.0.0-20190328110542-03326addb7c2/go.mod h1:Y8IYP9aVODN3Vnw1FCqygCG5IWyYBeBlZqQ5aX+fHFw=
golang.org/x/sys v0.0.0-20220406163625-3f8b81556e12 h1:QyVthZKMsyaQwBTJE04jdNN0Pp5Fn9Qga0mrgxyERQM=
golang.org/x/sys v0.0.0-20220406163625-3f8b81556e12/go.mod h1:oPkhp1MJrh7nUepCBck5+mAzfO9JrbApNNgaTdGDITg=
